
Microsoft Visual Studio Solution File, Format Version 12.00
# Visual Studio Version 17
VisualStudioVersion = 17.14.36414.22 d17.14
MinimumVisualStudioVersion = 10.0.40219.1
Project("{FAE04EC0-301F-11D3-BF4B-00C04F79EFBC}") = "Calculator", "Calculator.csproj", "{FCD8C0CD-37AC-46A5-9F08-2ED8A260E168}"
EndProject
Global
	GlobalSection(SolutionConfigurationPlatforms) = preSolution
		Debug|Any CPU = Debug|Any CPU
		Release|Any CPU = Release|Any CPU
	EndGlobalSection
	GlobalSection(ProjectConfigurationPlatforms) = postSolution
		{FCD8C0CD-37AC-46A5-9F08-2ED8A260E168}.Debug|Any CPU.ActiveCfg = Debug|Any CPU
		{FCD8C0CD-37AC-46A5-9F08-2ED8A260E168}.Debug|Any CPU.Build.0 = Debug|Any CPU
		{FCD8C0CD-37AC-46A5-9F08-2ED8A260E168}.Release|Any CPU.ActiveCfg = Release|Any CPU
		{FCD8C0CD-37AC-46A5-9F08-2ED8A260E168}.Release|Any CPU.Build.0 = Release|Any CPU
	EndGlobalSection
	GlobalSection(SolutionProperties) = preSolution
		HideSolutionNode = FALSE
	EndGlobalSection
	GlobalSection(ExtensibilityGlobals) = postSolution
		SolutionGuid = {D4C513CE-FBCB-4932-8A92-C089FF3D7E75}
	EndGlobalSection
EndGlobal
